
Microsoft Visual Studio Solution File, Format Version 12.00
# Visual Studio Version 17
VisualStudioVersion = 17.4.33110.190
MinimumVisualStudioVersion = 10.0.40219.1
Project("{FAE04EC0-301F-11D3-BF4B-00C04F79EFBC}") = "Ejercicio5.2", "Ejercicio5.2.csproj", "{66182798-FD4E-4F96-A1B1-1591EAA5509F}"
EndProject
Global
	GlobalSection(SolutionConfigurationPlatforms) = preSolution
		Debug|Any CPU = Debug|Any CPU
		Release|Any CPU = Release|Any CPU
	EndGlobalSection
	GlobalSection(ProjectConfigurationPlatforms) = postSolution
		{66182798-FD4E-4F96-A1B1-1591EAA5509F}.Debug|Any CPU.ActiveCfg = Debug|Any CPU
		{66182798-FD4E-4F96-A1B1-1591EAA5509F}.Debug|Any CPU.Build.0 = Debug|Any CPU
		{66182798-FD4E-4F96-A1B1-1591EAA5509F}.Release|Any CPU.ActiveCfg = Release|Any CPU
		{66182798-FD4E-4F96-A1B1-1591EAA5509F}.Release|Any CPU.Build.0 = Release|Any CPU
	EndGlobalSection
	GlobalSection(SolutionProperties) = preSolution
		HideSolutionNode = FALSE
	EndGlobalSection
	GlobalSection(ExtensibilityGlobals) = postSolution
		SolutionGuid = {443B063F-AE6F-4200-A465-4DD012306E5D}
	EndGlobalSection
EndGlobal
