
Microsoft Visual Studio Solution File, Format Version 12.00
# Visual Studio Version 17
VisualStudioVersion = 17.4.33110.190
MinimumVisualStudioVersion = 10.0.40219.1
Project("{FAE04EC0-301F-11D3-BF4B-00C04F79EFBC}") = "Clase-5", "Clase-5.csproj", "{2503F99D-975E-4260-8F35-531EC93F6BE0}"
EndProject
Global
	GlobalSection(SolutionConfigurationPlatforms) = preSolution
		Debug|Any CPU = Debug|Any CPU
		Release|Any CPU = Release|Any CPU
	EndGlobalSection
	GlobalSection(ProjectConfigurationPlatforms) = postSolution
		{2503F99D-975E-4260-8F35-531EC93F6BE0}.Debug|Any CPU.ActiveCfg = Debug|Any CPU
		{2503F99D-975E-4260-8F35-531EC93F6BE0}.Debug|Any CPU.Build.0 = Debug|Any CPU
		{2503F99D-975E-4260-8F35-531EC93F6BE0}.Release|Any CPU.ActiveCfg = Release|Any CPU
		{2503F99D-975E-4260-8F35-531EC93F6BE0}.Release|Any CPU.Build.0 = Release|Any CPU
	EndGlobalSection
	GlobalSection(SolutionProperties) = preSolution
		HideSolutionNode = FALSE
	EndGlobalSection
	GlobalSection(ExtensibilityGlobals) = postSolution
		SolutionGuid = {2FE52AD1-3ED2-4619-BC05-B7A3BAA8FA36}
	EndGlobalSection
EndGlobal
