
Microsoft Visual Studio Solution File, Format Version 12.00
# Visual Studio Version 17
VisualStudioVersion = 17.4.33110.190
MinimumVisualStudioVersion = 10.0.40219.1
Project("{FAE04EC0-301F-11D3-BF4B-00C04F79EFBC}") = "Clase-3", "Clase-3.csproj", "{D3817B8E-62AA-48D4-AD1D-3FA5CB97CB31}"
EndProject
Global
	GlobalSection(SolutionConfigurationPlatforms) = preSolution
		Debug|Any CPU = Debug|Any CPU
		Release|Any CPU = Release|Any CPU
	EndGlobalSection
	GlobalSection(ProjectConfigurationPlatforms) = postSolution
		{D3817B8E-62AA-48D4-AD1D-3FA5CB97CB31}.Debug|Any CPU.ActiveCfg = Debug|Any CPU
		{D3817B8E-62AA-48D4-AD1D-3FA5CB97CB31}.Debug|Any CPU.Build.0 = Debug|Any CPU
		{D3817B8E-62AA-48D4-AD1D-3FA5CB97CB31}.Release|Any CPU.ActiveCfg = Release|Any CPU
		{D3817B8E-62AA-48D4-AD1D-3FA5CB97CB31}.Release|Any CPU.Build.0 = Release|Any CPU
	EndGlobalSection
	GlobalSection(SolutionProperties) = preSolution
		HideSolutionNode = FALSE
	EndGlobalSection
	GlobalSection(ExtensibilityGlobals) = postSolution
		SolutionGuid = {EDAD4A5E-A23C-4BB1-956D-7A3F2B09348B}
	EndGlobalSection
EndGlobal
